
Microsoft Visual Studio Solution File, Format Version 12.00
# Visual Studio Version 16
VisualStudioVersion = 16.0.30011.22
MinimumVisualStudioVersion = 10.0.40219.1
Project("{FAE04EC0-301F-11D3-BF4B-00C04F79EFBC}") = "Zoomapp.Android", "Zoomapp\Zoomapp.Android\Zoomapp.Android.csproj", "{369D46CE-97A1-4BDB-A227-A0F5DD58E8C4}"
EndProject
Project("{FAE04EC0-301F-11D3-BF4B-00C04F79EFBC}") = "Zoomapp.iOS", "Zoomapp\Zoomapp.iOS\Zoomapp.iOS.csproj", "{4252BB1A-EDBB-4A2B-8E55-C0684E724C03}"
EndProject
Project("{FAE04EC0-301F-11D3-BF4B-00C04F79EFBC}") = "Zoomapp", "Zoomapp\Zoomapp\Zoomapp.csproj", "{16082DA9-F097-4896-9DC0-1473636F996C}"
EndProject
Global
	GlobalSection(SolutionConfigurationPlatforms) = preSolution
		Debug|Any CPU = Debug|Any CPU
		Debug|iPhone = Debug|iPhone
		Debug|iPhoneSimulator = Debug|iPhoneSimulator
		Release|Any CPU = Release|Any CPU
		Release|iPhone = Release|iPhone
		Release|iPhoneSimulator = Release|iPhoneSimulator
	EndGlobalSection
	GlobalSection(ProjectConfigurationPlatforms) = postSolution
		{369D46CE-97A1-4BDB-A227-A0F5DD58E8C4}.Debug|Any CPU.ActiveCfg = Debug|Any CPU
		{369D46CE-97A1-4BDB-A227-A0F5DD58E8C4}.Debug|Any CPU.Build.0 = Debug|Any CPU
		{369D46CE-97A1-4BDB-A227-A0F5DD58E8C4}.Debug|Any CPU.Deploy.0 = Debug|Any CPU
		{369D46CE-97A1-4BDB-A227-A0F5DD58E8C4}.Debug|iPhone.ActiveCfg = Debug|Any CPU
		{369D46CE-97A1-4BDB-A227-A0F5DD58E8C4}.Debug|iPhone.Build.0 = Debug|Any CPU
		{369D46CE-97A1-4BDB-A227-A0F5DD58E8C4}.Debug|iPhone.Deploy.0 = Debug|Any CPU
		{369D46CE-97A1-4BDB-A227-A0F5DD58E8C4}.Debug|iPhoneSimulator.ActiveCfg = Debug|Any CPU
		{369D46CE-97A1-4BDB-A227-A0F5DD58E8C4}.Debug|iPhoneSimulator.Build.0 = Debug|Any CPU
		{369D46CE-97A1-4BDB-A227-A0F5DD58E8C4}.Debug|iPhoneSimulator.Deploy.0 = Debug|Any CPU
		{369D46CE-97A1-4BDB-A227-A0F5DD58E8C4}.Release|Any CPU.ActiveCfg = Release|Any CPU
		{369D46CE-97A1-4BDB-A227-A0F5DD58E8C4}.Release|Any CPU.Build.0 = Release|Any CPU
		{369D46CE-97A1-4BDB-A227-A0F5DD58E8C4}.Release|Any CPU.Deploy.0 = Release|Any CPU
		{369D46CE-97A1-4BDB-A227-A0F5DD58E8C4}.Release|iPhone.ActiveCfg = Release|Any CPU
		{369D46CE-97A1-4BDB-A227-A0F5DD58E8C4}.Release|iPhone.Build.0 = Release|Any CPU
		{369D46CE-97A1-4BDB-A227-A0F5DD58E8C4}.Release|iPhone.Deploy.0 = Release|Any CPU
		{369D46CE-97A1-4BDB-A227-A0F5DD58E8C4}.Release|iPhoneSimulator.ActiveCfg = Release|Any CPU
		{369D46CE-97A1-4BDB-A227-A0F5DD58E8C4}.Release|iPhoneSimulator.Build.0 = Release|Any CPU
		{369D46CE-97A1-4BDB-A227-A0F5DD58E8C4}.Release|iPhoneSimulator.Deploy.0 = Release|Any CPU
		{4252BB1A-EDBB-4A2B-8E55-C0684E724C03}.Debug|Any CPU.ActiveCfg = Debug|iPhone
		{4252BB1A-EDBB-4A2B-8E55-C0684E724C03}.Debug|Any CPU.Build.0 = Debug|iPhone
		{4252BB1A-EDBB-4A2B-8E55-C0684E724C03}.Debug|Any CPU.Deploy.0 = Debug|iPhone
		{4252BB1A-EDBB-4A2B-8E55-C0684E724C03}.Debug|iPhone.ActiveCfg = Debug|iPhone
		{4252BB1A-EDBB-4A2B-8E55-C0684E724C03}.Debug|iPhone.Build.0 = Debug|iPhone
		{4252BB1A-EDBB-4A2B-8E55-C0684E724C03}.Debug|iPhone.Deploy.0 = Debug|iPhone
		{4252BB1A-EDBB-4A2B-8E55-C0684E724C03}.Debug|iPhoneSimulator.ActiveCfg = Debug|iPhoneSimulator
		{4252BB1A-EDBB-4A2B-8E55-C0684E724C03}.Debug|iPhoneSimulator.Build.0 = Debug|iPhoneSimulator
		{4252BB1A-EDBB-4A2B-8E55-C0684E724C03}.Debug|iPhoneSimulator.Deploy.0 = Debug|iPhoneSimulator
		{4252BB1A-EDBB-4A2B-8E55-C0684E724C03}.Release|Any CPU.ActiveCfg = Release|iPhone
		{4252BB1A-EDBB-4A2B-8E55-C0684E724C03}.Release|Any CPU.Build.0 = Release|iPhone
		{4252BB1A-EDBB-4A2B-8E55-C0684E724C03}.Release|Any CPU.Deploy.0 = Release|iPhone
		{4252BB1A-EDBB-4A2B-8E55-C0684E724C03}.Release|iPhone.ActiveCfg = Release|iPhone
		{4252BB1A-EDBB-4A2B-8E55-C0684E724C03}.Release|iPhone.Build.0 = Release|iPhone
		{4252BB1A-EDBB-4A2B-8E55-C0684E724C03}.Release|iPhone.Deploy.0 = Release|iPhone
		{4252BB1A-EDBB-4A2B-8E55-C0684E724C03}.Release|iPhoneSimulator.ActiveCfg = Release|iPhoneSimulator
		{4252BB1A-EDBB-4A2B-8E55-C0684E724C03}.Release|iPhoneSimulator.Build.0 = Release|iPhoneSimulator
		{4252BB1A-EDBB-4A2B-8E55-C0684E724C03}.Release|iPhoneSimulator.Deploy.0 = Release|iPhoneSimulator
		{16082DA9-F097-4896-9DC0-1473636F996C}.Debug|Any CPU.ActiveCfg = Debug|Any CPU
		{16082DA9-F097-4896-9DC0-1473636F996C}.Debug|Any CPU.Build.0 = Debug|Any CPU
		{16082DA9-F097-4896-9DC0-1473636F996C}.Debug|Any CPU.Deploy.0 = Debug|Any CPU
		{16082DA9-F097-4896-9DC0-1473636F996C}.Debug|iPhone.ActiveCfg = Debug|Any CPU
		{16082DA9-F097-4896-9DC0-1473636F996C}.Debug|iPhone.Build.0 = Debug|Any CPU
		{16082DA9-F097-4896-9DC0-1473636F996C}.Debug|iPhone.Deploy.0 = Debug|Any CPU
		{16082DA9-F097-4896-9DC0-1473636F996C}.Debug|iPhoneSimulator.ActiveCfg = Debug|Any CPU
		{16082DA9-F097-4896-9DC0-1473636F996C}.Debug|iPhoneSimulator.Build.0 = Debug|Any CPU
		{16082DA9-F097-4896-9DC0-1473636F996C}.Debug|iPhoneSimulator.Deploy.0 = Debug|Any CPU
		{16082DA9-F097-4896-9DC0-1473636F996C}.Release|Any CPU.ActiveCfg = Release|Any CPU
		{16082DA9-F097-4896-9DC0-1473636F996C}.Release|Any CPU.Build.0 = Release|Any CPU
		{16082DA9-F097-4896-9DC0-1473636F996C}.Release|Any CPU.Deploy.0 = Release|Any CPU
		{16082DA9-F097-4896-9DC0-1473636F996C}.Release|iPhone.ActiveCfg = Release|Any CPU
		{16082DA9-F097-4896-9DC0-1473636F996C}.Release|iPhone.Build.0 = Release|Any CPU
		{16082DA9-F097-4896-9DC0-1473636F996C}.Release|iPhone.Deploy.0 = Release|Any CPU
		{16082DA9-F097-4896-9DC0-1473636F996C}.Release|iPhoneSimulator.ActiveCfg = Release|Any CPU
		{16082DA9-F097-4896-9DC0-1473636F996C}.Release|iPhoneSimulator.Build.0 = Release|Any CPU
		{16082DA9-F097-4896-9DC0-1473636F996C}.Release|iPhoneSimulator.Deploy.0 = Release|Any CPU
	EndGlobalSection
	GlobalSection(SolutionProperties) = preSolution
		HideSolutionNode = FALSE
	EndGlobalSection
	GlobalSection(ExtensibilityGlobals) = postSolution
		SolutionGuid = {C22459A6-DD1A-4969-B92C-E41A718BCE8D}
	EndGlobalSection
EndGlobal
